version = 1
revision = 3
requires-python = ">=3.12"

[[package]]
name = "codes"
version = "0.1.0"
source = { virtual = "." }
dependencies = [
    { name = "mcpylib" },
    { name = "python-dotenv" },
]

[package.metadata]
requires-dist = [
    { name = "mcpylib", specifier = ">=1.0.1" },
    { name = "python-dotenv", specifier = ">=1.0.0" },
]

[[package]]
name = "mcpylib"
version = "1.0.1"
source = { registry = "https://pypi.org/simple" }
dependencies = [
    { name = "python-dotenv" },
]
sdist = { url = "https://files.pythonhosted.org/packages/f4/05/d3d6d5e4c42a7efb710a17a71babb82cf55f9c77661ca00a477ecaa1b8bc/mcpylib-1.0.1.tar.gz", hash = "sha256:e90a3052fc3555925cd71576ecad6d92944e464a0274b1674adee90c3b431ca5", size = 9026, upload-time = "2026-01-12T12:59:04.19Z" }
wheels = [
    { url = "https://files.pythonhosted.org/packages/50/17/4acdd44952de3975dc8b995ffc08d6abf5b80aaef51add2f44b86f49a994/mcpylib-1.0.1-py3-none-any.whl", hash = "sha256:7e9e62033d1494f567d65429edc0bc00fbbc8b7b6d8394866560b0fd3264750b", size = 10463, upload-time = "2026-01-12T12:59:02.159Z" },
]

[[package]]
name = "python-dotenv"
version = "1.2.1"
source = { registry = "https://pypi.org/simple" }
sdist = { url = "https://files.pythonhosted.org/packages/f0/26/19cadc79a718c5edbec86fd4919a6b6d3f681039a2f6d66d14be94e75fb9/python_dotenv-1.2.1.tar.gz", hash = "sha256:42667e897e16ab0d66954af0e60a9caa94f0fd4ecf3aaf6d2d260eec1aa36ad6", size = 44221, upload-time = "2025-10-26T15:12:10.434Z" }
wheels = [
    { url = "https://files.pythonhosted.org/packages/14/1b/a298b06749107c305e1fe0f814c6c74aea7b2f1e10989cb30f544a1b3253/python_dotenv-1.2.1-py3-none-any.whl", hash = "sha256:b81ee9561e9ca4004139c6cbba3a238c32b03e4894671e181b671e8cb8425d61", size = 21230, upload-time = "2025-10-26T15:12:09.109Z" },
]
